
Microsoft Visual Studio Solution File, Format Version 10.00
# Visual Studio 2008
Project("{8BC9CEB8-8B4A-11D0-8D11-00A0C91BC942}") = "RBTreeSearch1.0", "RBTreeSearch1.0\RBTreeSearch1.0.vcproj", "{28149C49-5140-4674-BBC2-A7D67C42916E}"
EndProject
Global
	GlobalSection(SolutionConfigurationPlatforms) = preSolution
		Debug|Win32 = Debug|Win32
		Release|Win32 = Release|Win32
	EndGlobalSection
	GlobalSection(ProjectConfigurationPlatforms) = postSolution
		{28149C49-5140-4674-BBC2-A7D67C42916E}.Debug|Win32.ActiveCfg = Debug|Win32
		{28149C49-5140-4674-BBC2-A7D67C42916E}.Debug|Win32.Build.0 = Debug|Win32
		{28149C49-5140-4674-BBC2-A7D67C42916E}.Release|Win32.ActiveCfg = Release|Win32
		{28149C49-5140-4674-BBC2-A7D67C42916E}.Release|Win32.Build.0 = Release|Win32
	EndGlobalSection
	GlobalSection(SolutionProperties) = preSolution
		HideSolutionNode = FALSE
	EndGlobalSection
EndGlobal
